
Microsoft Visual Studio Solution File, Format Version 12.00
# Visual Studio Version 17
VisualStudioVersion = 17.8.34322.80
MinimumVisualStudioVersion = 10.0.40219.1
Project("{9A19103F-16F7-4668-BE54-9A1E7A4F7556}") = "BookStore", "BookStore\BookStore.csproj", "{E540B443-C238-4647-80E6-731705841B4D}"
EndProject
Project("{9A19103F-16F7-4668-BE54-9A1E7A4F7556}") = "BusinessLayer", "BusinessLayer\BusinessLayer.csproj", "{0FBF2754-A91D-4717-8D47-20E37A886396}"
EndProject
Project("{9A19103F-16F7-4668-BE54-9A1E7A4F7556}") = "RepositoryLayer", "RepositoryLayer\RepositoryLayer.csproj", "{F6DD222D-DF92-4BD0-AA3F-3E404C1477D1}"
EndProject
Project("{9A19103F-16F7-4668-BE54-9A1E7A4F7556}") = "CommonLayer", "CommonLayer\CommonLayer.csproj", "{7CA1F7A3-B9A5-4DC8-A1E4-BB964D68C8EE}"
EndProject
Project("{FAE04EC0-301F-11D3-BF4B-00C04F79EFBC}") = "TestProject1", "TestProject1\TestProject1.csproj", "{0B1159C6-4B81-4606-AA8A-FF41EC7CA9BD}"
EndProject
Global
	GlobalSection(SolutionConfigurationPlatforms) = preSolution
		Debug|Any CPU = Debug|Any CPU
		Release|Any CPU = Release|Any CPU
	EndGlobalSection
	GlobalSection(ProjectConfigurationPlatforms) = postSolution
		{E540B443-C238-4647-80E6-731705841B4D}.Debug|Any CPU.ActiveCfg = Debug|Any CPU
		{E540B443-C238-4647-80E6-731705841B4D}.Debug|Any CPU.Build.0 = Debug|Any CPU
		{E540B443-C238-4647-80E6-731705841B4D}.Release|Any CPU.ActiveCfg = Release|Any CPU
		{E540B443-C238-4647-80E6-731705841B4D}.Release|Any CPU.Build.0 = Release|Any CPU
		{0FBF2754-A91D-4717-8D47-20E37A886396}.Debug|Any CPU.ActiveCfg = Debug|Any CPU
		{0FBF2754-A91D-4717-8D47-20E37A886396}.Debug|Any CPU.Build.0 = Debug|Any CPU
		{0FBF2754-A91D-4717-8D47-20E37A886396}.Release|Any CPU.ActiveCfg = Release|Any CPU
		{0FBF2754-A91D-4717-8D47-20E37A886396}.Release|Any CPU.Build.0 = Release|Any CPU
		{F6DD222D-DF92-4BD0-AA3F-3E404C1477D1}.Debug|Any CPU.ActiveCfg = Debug|Any CPU
		{F6DD222D-DF92-4BD0-AA3F-3E404C1477D1}.Debug|Any CPU.Build.0 = Debug|Any CPU
		{F6DD222D-DF92-4BD0-AA3F-3E404C1477D1}.Release|Any CPU.ActiveCfg = Release|Any CPU
		{F6DD222D-DF92-4BD0-AA3F-3E404C1477D1}.Release|Any CPU.Build.0 = Release|Any CPU
		{7CA1F7A3-B9A5-4DC8-A1E4-BB964D68C8EE}.Debug|Any CPU.ActiveCfg = Debug|Any CPU
		{7CA1F7A3-B9A5-4DC8-A1E4-BB964D68C8EE}.Debug|Any CPU.Build.0 = Debug|Any CPU
		{7CA1F7A3-B9A5-4DC8-A1E4-BB964D68C8EE}.Release|Any CPU.ActiveCfg = Release|Any CPU
		{7CA1F7A3-B9A5-4DC8-A1E4-BB964D68C8EE}.Release|Any CPU.Build.0 = Release|Any CPU
		{0B1159C6-4B81-4606-AA8A-FF41EC7CA9BD}.Debug|Any CPU.ActiveCfg = Debug|Any CPU
		{0B1159C6-4B81-4606-AA8A-FF41EC7CA9BD}.Debug|Any CPU.Build.0 = Debug|Any CPU
		{0B1159C6-4B81-4606-AA8A-FF41EC7CA9BD}.Release|Any CPU.ActiveCfg = Release|Any CPU
		{0B1159C6-4B81-4606-AA8A-FF41EC7CA9BD}.Release|Any CPU.Build.0 = Release|Any CPU
	EndGlobalSection
	GlobalSection(SolutionProperties) = preSolution
		HideSolutionNode = FALSE
	EndGlobalSection
	GlobalSection(ExtensibilityGlobals) = postSolution
		SolutionGuid = {E51C3DA7-C1BC-4BD3-BC64-7A32E154E0FC}
	EndGlobalSection
EndGlobal
